// !$*UTF8*$!
{
	archiveVersion = 1;
	classes = {
	};
	objectVersion = 77;
	objects = {

/* Begin PBXBuildFile section */
		BCD3A6FE2E3D713600BE77A3 /* CLAUDE.md in Resources */ = {isa = PBXBuildFile; fileRef = BCD3A6FD2E3D713600BE77A3 /* CLAUDE.md */; };
/* End PBXBuildFile section */

/* Begin PBXContainerItemProxy section */
		BCD3A6DF2E3D6AEB00BE77A3 /* PBXContainerItemProxy */ = {
			isa = PBXContainerItemProxy;
			containerPortal = BCD3A6C52E3D6AEA00BE77A3 /* Project object */;
			proxyType = 1;
			remoteGlobalIDString = BCD3A6CC2E3D6AEA00BE77A3;
			remoteInfo = stack;
		};
		BCD3A6E92E3D6AEB00BE77A3 /* PBXContainerItemProxy */ = {
			isa = PBXContainerItemProxy;
			containerPortal = BCD3A6C52E3D6AEA00BE77A3 /* Project object */;
			proxyType = 1;
			remoteGlobalIDString = BCD3A6CC2E3D6AEA00BE77A3;
			remoteInfo = stack;
		};
/* End PBXContainerItemProxy section */

/* Begin PBXFileReference section */
		BCD3A6CD2E3D6AEA00BE77A3 /* stack.app */ = {isa = PBXFileReference; explicitFileType = wrapper.application; includeInIndex = 0; name = stack.app; path = "/Users/kabirteria/Desktop/swift projects/stack/build/Debug/stack.app"; sourceTree = "<absolute>"; };
		BCD3A6DE2E3D6AEB00BE77A3 /* stackTests.xctest */ = {isa = PBXFileReference; explicitFileType = wrapper.cfbundle; includeInIndex = 0; name = stackTests.xctest; path = "/Users/kabirteria/Desktop/swift projects/stack/build/Debug/stack.app/Contents/PlugIns/stackTests.xctest"; sourceTree = "<absolute>"; };
		BCD3A6E82E3D6AEB00BE77A3 /* stackUITests.xctest */ = {isa = PBXFileReference; explicitFileType = wrapper.cfbundle; includeInIndex = 0; name = stackUITests.xctest; path = "/Users/kabirteria/Desktop/swift projects/stack/build/Debug/stackUITests-Runner.app/Contents/PlugIns/stackUITests.xctest"; sourceTree = "<absolute>"; };
		BCD3A6FD2E3D713600BE77A3 /* CLAUDE.md */ = {isa = PBXFileReference; lastKnownFileType = net.daringfireball.markdown; path = CLAUDE.md; sourceTree = "<group>"; };
/* End PBXFileReference section */

/* Begin PBXFileSystemSynchronizedRootGroup section */
		BCD3A6CF2E3D6AEA00BE77A3 /* stack */ = {
			isa = PBXFileSystemSynchronizedRootGroup;
			path = stack;
			sourceTree = "<group>";
		};
		BCD3A6E12E3D6AEB00BE77A3 /* stackTests */ = {
			isa = PBXFileSystemSynchronizedRootGroup;
			path = stackTests;
			sourceTree = "<group>";
		};
		BCD3A6EB2E3D6AEB00BE77A3 /* stackUITests */ = {
			isa = PBXFileSystemSynchronizedRootGroup;
			path = stackUITests;
			sourceTree = "<group>";
		};
/* End PBXFileSystemSynchronizedRootGroup section */

/* Begin PBXFrameworksBuildPhase section */
		BCD3A6CA2E3D6AEA00BE77A3 /* Frameworks */ = {
			isa = PBXFrameworksBuildPhase;
			buildActionMask = 2147483647;
			files = (
			);
			runOnlyForDeploymentPostprocessing = 0;
		};
		BCD3A6DB2E3D6AEB00BE77A3 /* Frameworks */ = {
			isa = PBXFrameworksBuildPhase;
			buildActionMask = 2147483647;
			files = (
			);
			runOnlyForDeploymentPostprocessing = 0;
		};
		BCD3A6E52E3D6AEB00BE77A3 /* Frameworks */ = {
			isa = PBXFrameworksBuildPhase;
			buildActionMask = 2147483647;
			files = (
			);
			runOnlyForDeploymentPostprocessing = 0;
		};
/* End PBXFrameworksBuildPhase section */

/* Begin PBXGroup section */
		BCD3A6C42E3D6AEA00BE77A3 = {
			isa = PBXGroup;
			children = (
				BCD3A6FD2E3D713600BE77A3 /* CLAUDE.md */,
				BCD3A6CF2E3D6AEA00BE77A3 /* stack */,
				BCD3A6E12E3D6AEB00BE77A3 /* stackTests */,
				BCD3A6EB2E3D6AEB00BE77A3 /* stackUITests */,
			);
			sourceTree = "<group>";
		};
/* End PBXGroup section */

/* Begin PBXNativeTarget section */
		BCD3A6CC2E3D6AEA00BE77A3 /* stack */ = {
			isa = PBXNativeTarget;
			buildConfigurationList = BCD3A6F22E3D6AEB00BE77A3 /* Build configuration list for PBXNativeTarget "stack" */;
			buildPhases = (
				BCD3A6C92E3D6AEA00BE77A3 /* Sources */,
				BCD3A6CA2E3D6AEA00BE77A3 /* Frameworks */,
				BCD3A6CB2E3D6AEA00BE77A3 /* Resources */,
			);
			buildRules = (
			);
			dependencies = (
			);
			fileSystemSynchronizedGroups = (
				BCD3A6CF2E3D6AEA00BE77A3 /* stack */,
			);
			name = stack;
			packageProductDependencies = (
			);
			productName = stack;
			productReference = BCD3A6CD2E3D6AEA00BE77A3 /* stack.app */;
			productType = "com.apple.product-type.application";
		};
		BCD3A6DD2E3D6AEB00BE77A3 /* stackTests */ = {
			isa = PBXNativeTarget;
			buildConfigurationList = BCD3A6F52E3D6AEB00BE77A3 /* Build configuration list for PBXNativeTarget "stackTests" */;
			buildPhases = (
				BCD3A6DA2E3D6AEB00BE77A3 /* Sources */,
				BCD3A6DB2E3D6AEB00BE77A3 /* Frameworks */,
				BCD3A6DC2E3D6AEB00BE77A3 /* Resources */,
			);
			buildRules = (
			);
			dependencies = (
				BCD3A6E02E3D6AEB00BE77A3 /* PBXTargetDependency */,
			);
			fileSystemSynchronizedGroups = (
				BCD3A6E12E3D6AEB00BE77A3 /* stackTests */,
			);
			name = stackTests;
			packageProductDependencies = (
			);
			productName = stackTests;
			productReference = BCD3A6DE2E3D6AEB00BE77A3 /* stackTests.xctest */;
			productType = "com.apple.product-type.bundle.unit-test";
		};
		BCD3A6E72E3D6AEB00BE77A3 /* stackUITests */ = {
			isa = PBXNativeTarget;
			buildConfigurationList = BCD3A6F82E3D6AEB00BE77A3 /* Build configuration list for PBXNativeTarget "stackUITests" */;
			buildPhases = (
				BCD3A6E42E3D6AEB00BE77A3 /* Sources */,
				BCD3A6E52E3D6AEB00BE77A3 /* Frameworks */,
				BCD3A6E62E3D6AEB00BE77A3 /* Resources */,
			);
			buildRules = (
			);
			dependencies = (
				BCD3A6EA2E3D6AEB00BE77A3 /* PBXTargetDependency */,
			);
			fileSystemSynchronizedGroups = (
				BCD3A6EB2E3D6AEB00BE77A3 /* stackUITests */,
			);
			name = stackUITests;
			packageProductDependencies = (
			);
			productName = stackUITests;
			productReference = BCD3A6E82E3D6AEB00BE77A3 /* stackUITests.xctest */;
			productType = "com.apple.product-type.bundle.ui-testing";
		};
/* End PBXNativeTarget section */

/* Begin PBXProject section */
		BCD3A6C52E3D6AEA00BE77A3 /* Project object */ = {
			isa = PBXProject;
			attributes = {
				BuildIndependentTargetsInParallel = 1;
				LastSwiftUpdateCheck = 1620;
				LastUpgradeCheck = 1620;
				TargetAttributes = {
					BCD3A6CC2E3D6AEA00BE77A3 = {
						CreatedOnToolsVersion = 16.2;
					};
					BCD3A6DD2E3D6AEB00BE77A3 = {
						CreatedOnToolsVersion = 16.2;
						TestTargetID = BCD3A6CC2E3D6AEA00BE77A3;
					};
					BCD3A6E72E3D6AEB00BE77A3 = {
						CreatedOnToolsVersion = 16.2;
						TestTargetID = BCD3A6CC2E3D6AEA00BE77A3;
					};
				};
			};
			buildConfigurationList = BCD3A6C82E3D6AEA00BE77A3 /* Build configuration list for PBXProject "stack" */;
			developmentRegion = en;
			hasScannedForEncodings = 0;
			knownRegions = (
				en,
				Base,
			);
			mainGroup = BCD3A6C42E3D6AEA00BE77A3;
			minimizedProjectReferenceProxies = 1;
			preferredProjectObjectVersion = 77;
			productRefGroup = BCD3A6C42E3D6AEA00BE77A3;
			projectDirPath = "";
			projectRoot = "";
			targets = (
				BCD3A6CC2E3D6AEA00BE77A3 /* stack */,
				BCD3A6DD2E3D6AEB00BE77A3 /* stackTests */,
				BCD3A6E72E3D6AEB00BE77A3 /* stackUITests */,
			);
		};
/* End PBXProject section */

/* Begin PBXResourcesBuildPhase section */
		BCD3A6CB2E3D6AEA00BE77A3 /* Resources */ = {
			isa = PBXResourcesBuildPhase;
			buildActionMask = 2147483647;
			files = (
				BCD3A6FE2E3D713600BE77A3 /* CLAUDE.md in Resources */,
			);
			runOnlyForDeploymentPostprocessing = 0;
		};
		BCD3A6DC2E3D6AEB00BE77A3 /* Resources */ = {
			isa = PBXResourcesBuildPhase;
			buildActionMask = 2147483647;
			files = (
			);
			runOnlyForDeploymentPostprocessing = 0;
		};
		BCD3A6E62E3D6AEB00BE77A3 /* Resources */ = {
			isa = PBXResourcesBuildPhase;
			buildActionMask = 2147483647;
			files = (
			);
			runOnlyForDeploymentPostprocessing = 0;
		};
/* End PBXResourcesBuildPhase section */

/* Begin PBXSourcesBuildPhase section */
		BCD3A6C92E3D6AEA00BE77A3 /* Sources */ = {
			isa = PBXSourcesBuildPhase;
			buildActionMask = 2147483647;
			files = (
			);
			runOnlyForDeploymentPostprocessing = 0;
		};
		BCD3A6DA2E3D6AEB00BE77A3 /* Sources */ = {
			isa = PBXSourcesBuildPhase;
			buildActionMask = 2147483647;
			files = (
			);
			runOnlyForDeploymentPostprocessing = 0;
		};
		BCD3A6E42E3D6AEB00BE77A3 /* Sources */ = {
			isa = PBXSourcesBuildPhase;
			buildActionMask = 2147483647;
			files = (
			);
			runOnlyForDeploymentPostprocessing = 0;
		};
/* End PBXSourcesBuildPhase section */

/* Begin PBXTargetDependency section */
		BCD3A6E02E3D6AEB00BE77A3 /* PBXTargetDependency */ = {
			isa = PBXTargetDependency;
			target = BCD3A6CC2E3D6AEA00BE77A3 /* stack */;
			targetProxy = BCD3A6DF2E3D6AEB00BE77A3 /* PBXContainerItemProxy */;
		};
		BCD3A6EA2E3D6AEB00BE77A3 /* PBXTargetDependency */ = {
			isa = PBXTargetDependency;
			target = BCD3A6CC2E3D6AEA00BE77A3 /* stack */;
			targetProxy = BCD3A6E92E3D6AEB00BE77A3 /* PBXContainerItemProxy */;
		};
/* End PBXTargetDependency section */

/* Begin XCBuildConfiguration section */
		BCD3A6F02E3D6AEB00BE77A3 /* Debug */ = {
			isa = XCBuildConfiguration;
			buildSettings = {
				ALWAYS_SEARCH_USER_PATHS = NO;
				ASSETCATALOG_COMPILER_GENERATE_SWIFT_ASSET_SYMBOL_EXTENSIONS = YES;
				CLANG_ANALYZER_NONNULL = YES;
				CLANG_ANALYZER_NUMBER_OBJECT_CONVERSION = YES_AGGRESSIVE;
				CLANG_CXX_LANGUAGE_STANDARD = "gnu++20";
				CLANG_ENABLE_MODULES = YES;
				CLANG_ENABLE_OBJC_ARC = YES;
				CLANG_ENABLE_OBJC_WEAK = YES;
				CLANG_WARN_BLOCK_CAPTURE_AUTORELEASING = YES;
				CLANG_WARN_BOOL_CONVERSION = YES;
				CLANG_WARN_COMMA = YES;
				CLANG_WARN_CONSTANT_CONVERSION = YES;
				CLANG_WARN_DEPRECATED_OBJC_IMPLEMENTATIONS = YES;
				CLANG_WARN_DIRECT_OBJC_ISA_USAGE = YES_ERROR;
				CLANG_WARN_DOCUMENTATION_COMMENTS = YES;
				CLANG_WARN_EMPTY_BODY = YES;
				CLANG_WARN_ENUM_CONVERSION = YES;
				CLANG_WARN_INFINITE_RECURSION = YES;
				CLANG_WARN_INT_CONVERSION = YES;
				CLANG_WARN_NON_LITERAL_NULL_CONVERSION = YES;
				CLANG_WARN_OBJC_IMPLICIT_RETAIN_SELF = YES;
				CLANG_WARN_OBJC_LITERAL_CONVERSION = YES;
				CLANG_WARN_OBJC_ROOT_CLASS = YES_ERROR;
				CLANG_WARN_QUOTED_INCLUDE_IN_FRAMEWORK_HEADER = YES;
				CLANG_WARN_RANGE_LOOP_ANALYSIS = YES;
				CLANG_WARN_STRICT_PROTOTYPES = YES;
				CLANG_WARN_SUSPICIOUS_MOVE = YES;
				CLANG_WARN_UNGUARDED_AVAILABILITY = YES_AGGRESSIVE;
				CLANG_WARN_UNREACHABLE_CODE = YES;
				CLANG_WARN__DUPLICATE_METHOD_MATCH = YES;
				COPY_PHASE_STRIP = NO;
				DEBUG_INFORMATION_FORMAT = dwarf;
				ENABLE_STRICT_OBJC_MSGSEND = YES;
				ENABLE_TESTABILITY = YES;
				ENABLE_USER_SCRIPT_SANDBOXING = YES;
				GCC_C_LANGUAGE_STANDARD = gnu17;
				GCC_DYNAMIC_NO_PIC = NO;
				GCC_NO_COMMON_BLOCKS = YES;
				GCC_OPTIMIZATION_LEVEL = 0;
				GCC_PREPROCESSOR_DEFINITIONS = (
					"DEBUG=1",
					"$(inherited)",
				);
				GCC_WARN_64_TO_32_BIT_CONVERSION = YES;
				GCC_WARN_ABOUT_RETURN_TYPE = YES_ERROR;
				GCC_WARN_UNDECLARED_SELECTOR = YES;
				GCC_WARN_UNINITIALIZED_AUTOS = YES_AGGRESSIVE;
				GCC_WARN_UNUSED_FUNCTION = YES;
				GCC_WARN_UNUSED_VARIABLE = YES;
				LOCALIZATION_PREFERS_STRING_CATALOGS = YES;
				MACOSX_DEPLOYMENT_TARGET = 15.2;
				MTL_ENABLE_DEBUG_INFO = INCLUDE_SOURCE;
				MTL_FAST_MATH = YES;
				ONLY_ACTIVE_ARCH = YES;
				SDKROOT = macosx;
				SWIFT_ACTIVE_COMPILATION_CONDITIONS = "DEBUG $(inherited)";
				SWIFT_OPTIMIZATION_LEVEL = "-Onone";
			};
			name = Debug;
		};
		BCD3A6F12E3D6AEB00BE77A3 /* Release */ = {
			isa = XCBuildConfiguration;
			buildSettings = {
				ALWAYS_SEARCH_USER_PATHS = NO;
				ASSETCATALOG_COMPILER_GENERATE_SWIFT_ASSET_SYMBOL_EXTENSIONS = YES;
				CLANG_ANALYZER_NONNULL = YES;
				CLANG_ANALYZER_NUMBER_OBJECT_CONVERSION = YES_AGGRESSIVE;
				CLANG_CXX_LANGUAGE_STANDARD = "gnu++20";
				CLANG_ENABLE_MODULES = YES;
				CLANG_ENABLE_OBJC_ARC = YES;
				CLANG_ENABLE_OBJC_WEAK = YES;
				CLANG_WARN_BLOCK_CAPTURE_AUTORELEASING = YES;
				CLANG_WARN_BOOL_CONVERSION = YES;
				CLANG_WARN_COMMA = YES;
				CLANG_WARN_CONSTANT_CONVERSION = YES;
				CLANG_WARN_DEPRECATED_OBJC_IMPLEMENTATIONS = YES;
				CLANG_WARN_DIRECT_OBJC_ISA_USAGE = YES_ERROR;
				CLANG_WARN_DOCUMENTATION_COMMENTS = YES;
				CLANG_WARN_EMPTY_BODY = YES;
				CLANG_WARN_ENUM_CONVERSION = YES;
				CLANG_WARN_INFINITE_RECURSION = YES;
				CLANG_WARN_INT_CONVERSION = YES;
				CLANG_WARN_NON_LITERAL_NULL_CONVERSION = YES;
				CLANG_WARN_OBJC_IMPLICIT_RETAIN_SELF = YES;
				CLANG_WARN_OBJC_LITERAL_CONVERSION = YES;
				CLANG_WARN_OBJC_ROOT_CLASS = YES_ERROR;
				CLANG_WARN_QUOTED_INCLUDE_IN_FRAMEWORK_HEADER = YES;
				CLANG_WARN_RANGE_LOOP_ANALYSIS = YES;
				CLANG_WARN_STRICT_PROTOTYPES = YES;
				CLANG_WARN_SUSPICIOUS_MOVE = YES;
				CLANG_WARN_UNGUARDED_AVAILABILITY = YES_AGGRESSIVE;
				CLANG_WARN_UNREACHABLE_CODE = YES;
				CLANG_WARN__DUPLICATE_METHOD_MATCH = YES;
				COPY_PHASE_STRIP = NO;
				DEBUG_INFORMATION_FORMAT = "dwarf-with-dsym";
				ENABLE_NS_ASSERTIONS = NO;
				ENABLE_STRICT_OBJC_MSGSEND = YES;
				ENABLE_USER_SCRIPT_SANDBOXING = YES;
				GCC_C_LANGUAGE_STANDARD = gnu17;
				GCC_NO_COMMON_BLOCKS = YES;
				GCC_WARN_64_TO_32_BIT_CONVERSION = YES;
				GCC_WARN_ABOUT_RETURN_TYPE = YES_ERROR;
				GCC_WARN_UNDECLARED_SELECTOR = YES;
				GCC_WARN_UNINITIALIZED_AUTOS = YES_AGGRESSIVE;
				GCC_WARN_UNUSED_FUNCTION = YES;
				GCC_WARN_UNUSED_VARIABLE = YES;
				LOCALIZATION_PREFERS_STRING_CATALOGS = YES;
				MACOSX_DEPLOYMENT_TARGET = 15.2;
				MTL_ENABLE_DEBUG_INFO = NO;
				MTL_FAST_MATH = YES;
				SDKROOT = macosx;
				SWIFT_COMPILATION_MODE = wholemodule;
			};
			name = Release;
		};
		BCD3A6F32E3D6AEB00BE77A3 /* Debug */ = {
			isa = XCBuildConfiguration;
			buildSettings = {
				ASSETCATALOG_COMPILER_APPICON_NAME = AppIcon;
				ASSETCATALOG_COMPILER_GLOBAL_ACCENT_COLOR_NAME = AccentColor;
				CODE_SIGN_ENTITLEMENTS = stack/stack.entitlements;
				CODE_SIGN_IDENTITY = "Apple Development";
				"CODE_SIGN_IDENTITY[sdk=macosx*]" = "Apple Development";
				CODE_SIGN_STYLE = Automatic;
				COMBINE_HIDPI_IMAGES = YES;
				CURRENT_PROJECT_VERSION = 1;
				DEVELOPMENT_ASSET_PATHS = "\"stack/Preview Content\"";
				DEVELOPMENT_TEAM = 5P8P35ZBR7;
				ENABLE_HARDENED_RUNTIME = YES;
				ENABLE_PREVIEWS = YES;
				GENERATE_INFOPLIST_FILE = YES;
				INFOPLIST_KEY_NSHumanReadableCopyright = "";
				LD_RUNPATH_SEARCH_PATHS = (
					"$(inherited)",
					"@executable_path/../Frameworks",
				);
				MARKETING_VERSION = 1.0;
				PRODUCT_BUNDLE_IDENTIFIER = com.kabir.test.stack;
				PRODUCT_NAME = "$(TARGET_NAME)";
				PROVISIONING_PROFILE_SPECIFIER = "";
				SWIFT_EMIT_LOC_STRINGS = YES;
				SWIFT_VERSION = 5.0;
			};
			name = Debug;
		};
		BCD3A6F42E3D6AEB00BE77A3 /* Release */ = {
			isa = XCBuildConfiguration;
			buildSettings = {
				ASSETCATALOG_COMPILER_APPICON_NAME = AppIcon;
				ASSETCATALOG_COMPILER_GLOBAL_ACCENT_COLOR_NAME = AccentColor;
				CODE_SIGN_ENTITLEMENTS = stack/stack.entitlements;
				CODE_SIGN_IDENTITY = "Apple Development";
				"CODE_SIGN_IDENTITY[sdk=macosx*]" = "Apple Development";
				CODE_SIGN_STYLE = Automatic;
				COMBINE_HIDPI_IMAGES = YES;
				CURRENT_PROJECT_VERSION = 1;
				DEVELOPMENT_ASSET_PATHS = "\"stack/Preview Content\"";
				DEVELOPMENT_TEAM = 5P8P35ZBR7;
				ENABLE_HARDENED_RUNTIME = YES;
				ENABLE_PREVIEWS = YES;
				GENERATE_INFOPLIST_FILE = YES;
				INFOPLIST_KEY_NSHumanReadableCopyright = "";
				LD_RUNPATH_SEARCH_PATHS = (
					"$(inherited)",
					"@executable_path/../Frameworks",
				);
				MARKETING_VERSION = 1.0;
				PRODUCT_BUNDLE_IDENTIFIER = com.kabir.test.stack;
				PRODUCT_NAME = "$(TARGET_NAME)";
				PROVISIONING_PROFILE_SPECIFIER = "";
				SWIFT_EMIT_LOC_STRINGS = YES;
				SWIFT_VERSION = 5.0;
			};
			name = Release;
		};
		BCD3A6F62E3D6AEB00BE77A3 /* Debug */ = {
			isa = XCBuildConfiguration;
			buildSettings = {
				BUNDLE_LOADER = "$(TEST_HOST)";
				CODE_SIGN_STYLE = Automatic;
				CURRENT_PROJECT_VERSION = 1;
				DEVELOPMENT_TEAM = 5P8P35ZBR7;
				GENERATE_INFOPLIST_FILE = YES;
				MACOSX_DEPLOYMENT_TARGET = 15.2;
				MARKETING_VERSION = 1.0;
				PRODUCT_BUNDLE_IDENTIFIER = com.kabir.test.stackTests;
				PRODUCT_NAME = "$(TARGET_NAME)";
				SWIFT_EMIT_LOC_STRINGS = NO;
				SWIFT_VERSION = 5.0;
				TEST_HOST = "$(BUILT_PRODUCTS_DIR)/stack.app/$(BUNDLE_EXECUTABLE_FOLDER_PATH)/stack";
			};
			name = Debug;
		};
		BCD3A6F72E3D6AEB00BE77A3 /* Release */ = {
			isa = XCBuildConfiguration;
			buildSettings = {
				BUNDLE_LOADER = "$(TEST_HOST)";
				CODE_SIGN_STYLE = Automatic;
				CURRENT_PROJECT_VERSION = 1;
				DEVELOPMENT_TEAM = 5P8P35ZBR7;
				GENERATE_INFOPLIST_FILE = YES;
				MACOSX_DEPLOYMENT_TARGET = 15.2;
				MARKETING_VERSION = 1.0;
				PRODUCT_BUNDLE_IDENTIFIER = com.kabir.test.stackTests;
				PRODUCT_NAME = "$(TARGET_NAME)";
				SWIFT_EMIT_LOC_STRINGS = NO;
				SWIFT_VERSION = 5.0;
				TEST_HOST = "$(BUILT_PRODUCTS_DIR)/stack.app/$(BUNDLE_EXECUTABLE_FOLDER_PATH)/stack";
			};
			name = Release;
		};
		BCD3A6F92E3D6AEB00BE77A3 /* Debug */ = {
			isa = XCBuildConfiguration;
			buildSettings = {
				CODE_SIGN_STYLE = Automatic;
				CURRENT_PROJECT_VERSION = 1;
				DEVELOPMENT_TEAM = 5P8P35ZBR7;
				GENERATE_INFOPLIST_FILE = YES;
				MARKETING_VERSION = 1.0;
				PRODUCT_BUNDLE_IDENTIFIER = com.kabir.test.stackUITests;
				PRODUCT_NAME = "$(TARGET_NAME)";
				SWIFT_EMIT_LOC_STRINGS = NO;
				SWIFT_VERSION = 5.0;
				TEST_TARGET_NAME = stack;
			};
			name = Debug;
		};
		BCD3A6FA2E3D6AEB00BE77A3 /* Release */ = {
			isa = XCBuildConfiguration;
			buildSettings = {
				CODE_SIGN_STYLE = Automatic;
				CURRENT_PROJECT_VERSION = 1;
				DEVELOPMENT_TEAM = 5P8P35ZBR7;
				GENERATE_INFOPLIST_FILE = YES;
				MARKETING_VERSION = 1.0;
				PRODUCT_BUNDLE_IDENTIFIER = com.kabir.test.stackUITests;
				PRODUCT_NAME = "$(TARGET_NAME)";
				SWIFT_EMIT_LOC_STRINGS = NO;
				SWIFT_VERSION = 5.0;
				TEST_TARGET_NAME = stack;
			};
			name = Release;
		};
/* End XCBuildConfiguration section */

/* Begin XCConfigurationList section */
		BCD3A6C82E3D6AEA00BE77A3 /* Build configuration list for PBXProject "stack" */ = {
			isa = XCConfigurationList;
			buildConfigurations = (
				BCD3A6F02E3D6AEB00BE77A3 /* Debug */,
				BCD3A6F12E3D6AEB00BE77A3 /* Release */,
			);
			defaultConfigurationIsVisible = 0;
			defaultConfigurationName = Release;
		};
		BCD3A6F22E3D6AEB00BE77A3 /* Build configuration list for PBXNativeTarget "stack" */ = {
			isa = XCConfigurationList;
			buildConfigurations = (
				BCD3A6F32E3D6AEB00BE77A3 /* Debug */,
				BCD3A6F42E3D6AEB00BE77A3 /* Release */,
			);
			defaultConfigurationIsVisible = 0;
			defaultConfigurationName = Release;
		};
		BCD3A6F52E3D6AEB00BE77A3 /* Build configuration list for PBXNativeTarget "stackTests" */ = {
			isa = XCConfigurationList;
			buildConfigurations = (
				BCD3A6F62E3D6AEB00BE77A3 /* Debug */,
				BCD3A6F72E3D6AEB00BE77A3 /* Release */,
			);
			defaultConfigurationIsVisible = 0;
			defaultConfigurationName = Release;
		};
		BCD3A6F82E3D6AEB00BE77A3 /* Build configuration list for PBXNativeTarget "stackUITests" */ = {
			isa = XCConfigurationList;
			buildConfigurations = (
				BCD3A6F92E3D6AEB00BE77A3 /* Debug */,
				BCD3A6FA2E3D6AEB00BE77A3 /* Release */,
			);
			defaultConfigurationIsVisible = 0;
			defaultConfigurationName = Release;
		};
/* End XCConfigurationList section */
	};
	rootObject = BCD3A6C52E3D6AEA00BE77A3 /* Project object */;
}
